{
    "_readme": [
        "This file locks the dependencies of your project to a known state",
        "Read more about it at https://getcomposer.org/doc/01-basic-usage.md#installing-dependencies",
        "This file is @generated automatically"
    ],
    "content-hash": "ec60c2ded8612527ead55ffa9a7809c2",
    "packages": [
        {
            "name": "curl/curl",
            "version": "2.3.3",
            "source": {
                "type": "git",
                "url": "https://github.com/php-mod/curl.git",
                "reference": "ec22ad27dead47093f0944f5e651df4b12846f5a"
            },
            "dist": {
                "type": "zip",
                "url": "https://api.github.com/repos/php-mod/curl/zipball/ec22ad27dead47093f0944f5e651df4b12846f5a",
                "reference": "ec22ad27dead47093f0944f5e651df4b12846f5a",
                "shasum": ""
            },
            "require": {
                "ext-curl": "*",
                "php": "^5.6 | ^7.0 | ^8.0"
            },
            "require-dev": {
                "yoast/phpunit-polyfills": "^0.2.0"
            },
            "type": "library",
            "autoload": {
                "psr-0": {
                    "Curl": "src/"
                }
            },
            "notification-url": "https://packagist.org/downloads/",
            "license": [
                "MIT"
            ],
            "authors": [
                {
                    "name": "php-curl-class",
                    "homepage": "https://github.com/php-curl-class"
                },
                {
                    "name": "Hassan Amouhzi",
                    "email": "hassan@anezi.net",
                    "homepage": "http://hassan.amouhzi.com"
                },
                {
                    "name": "user52",
                    "homepage": "https://github.com/user52"
                }
            ],
            "description": "cURL class for PHP",
            "homepage": "https://github.com/php-mod/curl",
            "keywords": [
                "curl",
                "dot"
            ],
            "support": {
                "issues": "https://github.com/php-mod/curl/issues",
                "source": "https://github.com/php-mod/curl/tree/2.3.3"
            },
            "time": "2021-11-30T20:19:35+00:00"
        },
        {
            "name": "justinrainbow/json-schema",
            "version": "5.2.12",
            "source": {
                "type": "git",
                "url": "https://github.com/justinrainbow/json-schema.git",
                "reference": "ad87d5a5ca981228e0e205c2bc7dfb8e24559b60"
            },
            "dist": {
                "type": "zip",
                "url": "https://api.github.com/repos/justinrainbow/json-schema/zipball/ad87d5a5ca981228e0e205c2bc7dfb8e24559b60",
                "reference": "ad87d5a5ca981228e0e205c2bc7dfb8e24559b60",
                "shasum": ""
            },
            "require": {
                "php": ">=5.3.3"
            },
            "require-dev": {
                "friendsofphp/php-cs-fixer": "~2.2.20||~2.15.1",
                "json-schema/json-schema-test-suite": "1.2.0",
                "phpunit/phpunit": "^4.8.35"
            },
            "bin": [
                "bin/validate-json"
            ],
            "type": "library",
            "extra": {
                "branch-alias": {
                    "dev-master": "5.0.x-dev"
                }
            },
            "autoload": {
                "psr-4": {
                    "JsonSchema\\": "src/JsonSchema/"
                }
            },
            "notification-url": "https://packagist.org/downloads/",
            "license": [
                "MIT"
            ],
            "authors": [
                {
                    "name": "Bruno Prieto Reis",
                    "email": "bruno.p.reis@gmail.com"
                },
                {
                    "name": "Justin Rainbow",
                    "email": "justin.rainbow@gmail.com"
                },
                {
                    "name": "Igor Wiedler",
                    "email": "igor@wiedler.ch"
                },
                {
                    "name": "Robert Schönthal",
                    "email": "seroscho@googlemail.com"
                }
            ],
            "description": "A library to validate a json schema.",
            "homepage": "https://github.com/justinrainbow/json-schema",
            "keywords": [
                "json",
                "schema"
            ],
            "support": {
                "issues": "https://github.com/justinrainbow/json-schema/issues",
                "source": "https://github.com/justinrainbow/json-schema/tree/5.2.12"
            },
            "time": "2022-04-13T08:02:27+00:00"
        },
        {
            "name": "neitanod/forceutf8",
            "version": "v2.0.4",
            "source": {
                "type": "git",
                "url": "https://github.com/neitanod/forceutf8.git",
                "reference": "c1fbe70bfb5ad41b8ec5785056b0e308b40d4831"
            },
            "dist": {
                "type": "zip",
                "url": "https://api.github.com/repos/neitanod/forceutf8/zipball/c1fbe70bfb5ad41b8ec5785056b0e308b40d4831",
                "reference": "c1fbe70bfb5ad41b8ec5785056b0e308b40d4831",
                "shasum": ""
            },
            "require": {
                "php": ">=5.3.0"
            },
            "type": "library",
            "autoload": {
                "psr-0": {
                    "ForceUTF8\\": "src/"
                }
            },
            "notification-url": "https://packagist.org/downloads/",
            "license": [
                "BSD-3-Clause"
            ],
            "authors": [
                {
                    "name": "Sebastián Grignoli",
                    "email": "grignoli@gmail.com"
                }
            ],
            "description": "PHP Class Encoding featuring popular Encoding::toUTF8() function --formerly known as forceUTF8()-- that fixes mixed encoded strings.",
            "homepage": "https://github.com/neitanod/forceutf8",
            "support": {
                "issues": "https://github.com/neitanod/forceutf8/issues",
                "source": "https://github.com/neitanod/forceutf8/tree/master"
            },
            "time": "2019-12-10T14:09:14+00:00"
        },
        {
            "name": "nfephp-org/sped-common",
            "version": "v5.1.4",
            "source": {
                "type": "git",
                "url": "https://github.com/nfephp-org/sped-common.git",
                "reference": "57437eb3c568577c0781cf58e732a4e417b393b0"
            },
            "dist": {
                "type": "zip",
                "url": "https://api.github.com/repos/nfephp-org/sped-common/zipball/57437eb3c568577c0781cf58e732a4e417b393b0",
                "reference": "57437eb3c568577c0781cf58e732a4e417b393b0",
                "shasum": ""
            },
            "require": {
                "ext-curl": "*",
                "ext-dom": "*",
                "ext-mbstring": "*",
                "ext-openssl": "*",
                "ext-soap": "*",
                "neitanod/forceutf8": "^2.0",
                "php": ">= 7.4",
                "psr/log": "^1.0||^2.0||^3.0"
            },
            "require-dev": {
                "phpcompatibility/php-compatibility": "^9.3",
                "phpstan/phpstan": "^1.4",
                "phpunit/phpunit": "^9.3",
                "scrutinizer/ocular": "^1.8",
                "squizlabs/php_codesniffer": "^3.6"
            },
            "type": "library",
            "extra": {
                "branch-alias": {
                    "dev-v5.0": "5.0-dev"
                }
            },
            "autoload": {
                "psr-4": {
                    "NFePHP\\Common\\": "src/"
                }
            },
            "notification-url": "https://packagist.org/downloads/",
            "license": [
                "LGPL-3.0-or-later",
                "GPL-3.0-or-later",
                "MIT"
            ],
            "authors": [
                {
                    "name": "Roberto L. Machado",
                    "email": "linux.rlm@gmail.com.br",
                    "homepage": "http://www.nfephp.org",
                    "role": "Developer"
                },
                {
                    "name": "Gustavo Lidani",
                    "email": "lidanig0@gmail.com",
                    "homepage": "https://github.com/lidani",
                    "role": "Developer"
                },
                {
                    "name": "Comunidade NFePHP",
                    "homepage": "https://github.com/nfephp-org/sped-common/graphs/contributors"
                }
            ],
            "description": "sped-common é parte do projeto NFePHP.",
            "homepage": "https://github.com/nfephp-org/sped-common",
            "keywords": [
                "nfe",
                "nfephp",
                "sped"
            ],
            "support": {
                "issues": "https://github.com/nfephp-org/sped-common/issues",
                "source": "https://github.com/nfephp-org/sped-common/tree/v5.1.4"
            },
            "time": "2022-08-22T15:02:53+00:00"
        },
        {
            "name": "nfephp-org/sped-gtin",
            "version": "v1.1.1",
            "source": {
                "type": "git",
                "url": "https://github.com/nfephp-org/sped-gtin.git",
                "reference": "759a902e1c01f4755b27eee4e9fa30153d6b29d3"
            },
            "dist": {
                "type": "zip",
                "url": "https://api.github.com/repos/nfephp-org/sped-gtin/zipball/759a902e1c01f4755b27eee4e9fa30153d6b29d3",
                "reference": "759a902e1c01f4755b27eee4e9fa30153d6b29d3",
                "shasum": ""
            },
            "require": {
                "ext-curl": "*",
                "ext-dom": "*",
                "ext-json": "*",
                "ext-libxml": "*",
                "ext-openssl": "*",
                "ext-simplexml": "*",
                "ext-soap": "*",
                "nfephp-org/sped-common": "^5.1.0",
                "php": ">= 7.4"
            },
            "require-dev": {
                "phpcompatibility/php-compatibility": "^9.3",
                "phpstan/phpstan": "^1.4",
                "phpunit/phpunit": "^9.3",
                "scrutinizer/ocular": "^1.8",
                "squizlabs/php_codesniffer": "dev-master"
            },
            "type": "library",
            "extra": {
                "branch-alias": {
                    "v1.0": "1.0-dev"
                }
            },
            "autoload": {
                "psr-4": {
                    "NFePHP\\Gtin\\": "src/"
                }
            },
            "notification-url": "https://packagist.org/downloads/",
            "license": [
                "LGPL-3.0-or-later",
                "GPL-3.0-or-later",
                "MIT"
            ],
            "authors": [
                {
                    "name": "Roberto L. Machado",
                    "email": "linux.rlm@gmail.com.br",
                    "homepage": "https://github.com/nfephp-org",
                    "role": "Developer"
                },
                {
                    "name": "Gustavo Lidani",
                    "email": "lidanig0@gmail.com",
                    "homepage": "https://github.com/lidani",
                    "role": "Developer"
                },
                {
                    "name": "Comunidade NFePHP",
                    "homepage": "https://github.com/nfephp-org/sped-gtin/graphs/contributors"
                }
            ],
            "description": "Classes for validation of GTIN codes.",
            "homepage": "https://github.com/nfephp-org/sped-gtin",
            "keywords": [
                "gtin",
                "nfce",
                "nfe",
                "nfephp",
                "sped"
            ],
            "support": {
                "issues": "https://github.com/nfephp-org/sped-gtin/issues",
                "source": "https://github.com/nfephp-org/sped-gtin/tree/v1.1.1"
            },
            "time": "2022-06-01T18:08:50+00:00"
        },
        {
            "name": "nfephp-org/sped-nfe",
            "version": "dev-master",
            "source": {
                "type": "git",
                "url": "https://github.com/nfephp-org/sped-nfe.git",
                "reference": "b77d9511c70c9ccabe7711e094c1ac5a7cef443f"
            },
            "dist": {
                "type": "zip",
                "url": "https://api.github.com/repos/nfephp-org/sped-nfe/zipball/b77d9511c70c9ccabe7711e094c1ac5a7cef443f",
                "reference": "b77d9511c70c9ccabe7711e094c1ac5a7cef443f",
                "shasum": ""
            },
            "require": {
                "ext-dom": "*",
                "ext-json": "*",
                "ext-libxml": "*",
                "ext-openssl": "*",
                "ext-simplexml": "*",
                "ext-soap": "*",
                "ext-zlib": "*",
                "justinrainbow/json-schema": "^5.2",
                "nfephp-org/sped-common": "^5.1.0",
                "nfephp-org/sped-gtin": "^1.1.0",
                "php": ">= 7.4"
            },
            "require-dev": {
                "phpcompatibility/php-compatibility": "^9.3",
                "phpstan/phpstan": "^1.4",
                "phpunit/phpunit": "^9.3",
                "squizlabs/php_codesniffer": "^3.6"
            },
            "default-branch": true,
            "type": "library",
            "extra": {
                "branch-alias": {
                    "v5.0": "5.0-dev"
                }
            },
            "autoload": {
                "psr-4": {
                    "NFePHP\\NFe\\": "src/"
                }
            },
            "notification-url": "https://packagist.org/downloads/",
            "license": [
                "LGPL-3.0-or-later",
                "GPL-3.0-or-later",
                "MIT"
            ],
            "authors": [
                {
                    "name": "Roberto L. Machado",
                    "email": "linux.rlm@gmail.com.br",
                    "homepage": "https://www.nfephp.com.br/",
                    "role": "Developer"
                },
                {
                    "name": "Gustavo Lidani",
                    "email": "lidanig0@gmail.com",
                    "homepage": "https://github.com/lidani",
                    "role": "Developer"
                },
                {
                    "name": "Comunidade NFePHP",
                    "homepage": "https://github.com/nfephp-org/sped-nfe/graphs/contributors"
                }
            ],
            "description": "API para geração e comunicação da NFe e NFCe com as SEFAZ autorizadoras.",
            "homepage": "https://github.com/nfephp-org/sped-nfe",
            "keywords": [
                "nfce",
                "nfe",
                "nfephp",
                "sped"
            ],
            "support": {
                "issues": "https://github.com/nfephp-org/sped-nfe/issues",
                "source": "https://github.com/nfephp-org/sped-nfe/tree/master"
            },
            "time": "2022-08-18T13:43:19+00:00"
        },
        {
            "name": "psr/log",
            "version": "3.0.0",
            "source": {
                "type": "git",
                "url": "https://github.com/php-fig/log.git",
                "reference": "fe5ea303b0887d5caefd3d431c3e61ad47037001"
            },
            "dist": {
                "type": "zip",
                "url": "https://api.github.com/repos/php-fig/log/zipball/fe5ea303b0887d5caefd3d431c3e61ad47037001",
                "reference": "fe5ea303b0887d5caefd3d431c3e61ad47037001",
                "shasum": ""
            },
            "require": {
                "php": ">=8.0.0"
            },
            "type": "library",
            "extra": {
                "branch-alias": {
                    "dev-master": "3.x-dev"
                }
            },
            "autoload": {
                "psr-4": {
                    "Psr\\Log\\": "src"
                }
            },
            "notification-url": "https://packagist.org/downloads/",
            "license": [
                "MIT"
            ],
            "authors": [
                {
                    "name": "PHP-FIG",
                    "homepage": "https://www.php-fig.org/"
                }
            ],
            "description": "Common interface for logging libraries",
            "homepage": "https://github.com/php-fig/log",
            "keywords": [
                "log",
                "psr",
                "psr-3"
            ],
            "support": {
                "source": "https://github.com/php-fig/log/tree/3.0.0"
            },
            "time": "2021-07-14T16:46:02+00:00"
        },
        {
            "name": "tracy/tracy",
            "version": "v2.9.4",
            "source": {
                "type": "git",
                "url": "https://github.com/nette/tracy.git",
                "reference": "0ed605329b095f5f5fe2db2adc3d1ee80c917294"
            },
            "dist": {
                "type": "zip",
                "url": "https://api.github.com/repos/nette/tracy/zipball/0ed605329b095f5f5fe2db2adc3d1ee80c917294",
                "reference": "0ed605329b095f5f5fe2db2adc3d1ee80c917294",
                "shasum": ""
            },
            "require": {
                "ext-json": "*",
                "ext-session": "*",
                "php": ">=7.2 <8.2"
            },
            "conflict": {
                "nette/di": "<3.0"
            },
            "require-dev": {
                "latte/latte": "^2.5",
                "nette/di": "^3.0",
                "nette/mail": "^3.0",
                "nette/tester": "^2.2",
                "nette/utils": "^3.0",
                "phpstan/phpstan": "^1.0",
                "psr/log": "^1.0 || ^2.0 || ^3.0"
            },
            "type": "library",
            "extra": {
                "branch-alias": {
                    "dev-master": "2.9-dev"
                }
            },
            "autoload": {
                "files": [
                    "src/Tracy/functions.php"
                ],
                "classmap": [
                    "src"
                ]
            },
            "notification-url": "https://packagist.org/downloads/",
            "license": [
                "BSD-3-Clause"
            ],
            "authors": [
                {
                    "name": "David Grudl",
                    "homepage": "https://davidgrudl.com"
                },
                {
                    "name": "Nette Community",
                    "homepage": "https://nette.org/contributors"
                }
            ],
            "description": "😎  Tracy: the addictive tool to ease debugging PHP code for cool developers. Friendly design, logging, profiler, advanced features like debugging AJAX calls or CLI support. You will love it.",
            "homepage": "https://tracy.nette.org",
            "keywords": [
                "Xdebug",
                "debug",
                "debugger",
                "nette",
                "profiler"
            ],
            "support": {
                "issues": "https://github.com/nette/tracy/issues",
                "source": "https://github.com/nette/tracy/tree/v2.9.4"
            },
            "time": "2022-07-19T14:06:15+00:00"
        }
    ],
    "packages-dev": [
        {
            "name": "panique/pdo-debug",
            "version": "0.2",
            "source": {
                "type": "git",
                "url": "https://github.com/panique/pdo-debug.git",
                "reference": "1a07fed45fab32d0b21364b92657faffdd72320f"
            },
            "dist": {
                "type": "zip",
                "url": "https://api.github.com/repos/panique/pdo-debug/zipball/1a07fed45fab32d0b21364b92657faffdd72320f",
                "reference": "1a07fed45fab32d0b21364b92657faffdd72320f",
                "shasum": ""
            },
            "type": "library",
            "autoload": {
                "files": [
                    "pdo-debug.php"
                ]
            },
            "notification-url": "https://packagist.org/downloads/",
            "license": [
                "MIT"
            ],
            "authors": [
                {
                    "name": "Panique",
                    "role": "Developer"
                }
            ],
            "description": "A super-simple function that returns the full SQL query from your PDO statements",
            "homepage": "https://github.com/panique/pdo-debug",
            "keywords": [
                "debug",
                "debugger",
                "log",
                "logger",
                "pdo",
                "sql"
            ],
            "support": {
                "issues": "https://github.com/panique/pdo-debug/issues",
                "source": "https://github.com/panique/pdo-debug/tree/master"
            },
            "time": "2014-11-28T08:13:36+00:00"
        }
    ],
    "aliases": [],
    "minimum-stability": "stable",
    "stability-flags": {
        "nfephp-org/sped-nfe": 20
    },
    "prefer-stable": false,
    "prefer-lowest": false,
    "platform": {
        "php": ">=7.4.9",
        "ext-dom": "*"
    },
    "platform-dev": [],
    "plugin-api-version": "2.3.0"
}
